
Microsoft Visual Studio Solution File, Format Version 12.00
# Visual Studio Version 16
VisualStudioVersion = 16.0.29424.173
MinimumVisualStudioVersion = 10.0.40219.1
Project("{FAE04EC0-301F-11D3-BF4B-00C04F79EFBC}") = "WebApplication2", "WebApplication2\WebApplication2.csproj", "{CB65ABE6-3386-4614-98ED-BFCAA5A874A2}"
EndProject
Global
	GlobalSection(SolutionConfigurationPlatforms) = preSolution
		Debug|Any CPU = Debug|Any CPU
		Release|Any CPU = Release|Any CPU
	EndGlobalSection
	GlobalSection(ProjectConfigurationPlatforms) = postSolution
		{CB65ABE6-3386-4614-98ED-BFCAA5A874A2}.Debug|Any CPU.ActiveCfg = Debug|Any CPU
		{CB65ABE6-3386-4614-98ED-BFCAA5A874A2}.Debug|Any CPU.Build.0 = Debug|Any CPU
		{CB65ABE6-3386-4614-98ED-BFCAA5A874A2}.Release|Any CPU.ActiveCfg = Release|Any CPU
		{CB65ABE6-3386-4614-98ED-BFCAA5A874A2}.Release|Any CPU.Build.0 = Release|Any CPU
	EndGlobalSection
	GlobalSection(SolutionProperties) = preSolution
		HideSolutionNode = FALSE
	EndGlobalSection
	GlobalSection(ExtensibilityGlobals) = postSolution
		SolutionGuid = {050345B4-2C2D-44E3-A05F-1C69730C24E6}
	EndGlobalSection
EndGlobal
