
Microsoft Visual Studio Solution File, Format Version 12.00
# Visual Studio Version 16
VisualStudioVersion = 16.0.29424.173
MinimumVisualStudioVersion = 10.0.40219.1
Project("{FAE04EC0-301F-11D3-BF4B-00C04F79EFBC}") = "WebApi2_Produtos", "WebApi2_Produtos\WebApi2_Produtos.csproj", "{DDB80289-DE0A-4994-AEAB-7F7A33A991DA}"
EndProject
Global
	GlobalSection(SolutionConfigurationPlatforms) = preSolution
		Debug|Any CPU = Debug|Any CPU
		Release|Any CPU = Release|Any CPU
	EndGlobalSection
	GlobalSection(ProjectConfigurationPlatforms) = postSolution
		{DDB80289-DE0A-4994-AEAB-7F7A33A991DA}.Debug|Any CPU.ActiveCfg = Debug|Any CPU
		{DDB80289-DE0A-4994-AEAB-7F7A33A991DA}.Debug|Any CPU.Build.0 = Debug|Any CPU
		{DDB80289-DE0A-4994-AEAB-7F7A33A991DA}.Release|Any CPU.ActiveCfg = Release|Any CPU
		{DDB80289-DE0A-4994-AEAB-7F7A33A991DA}.Release|Any CPU.Build.0 = Release|Any CPU
	EndGlobalSection
	GlobalSection(SolutionProperties) = preSolution
		HideSolutionNode = FALSE
	EndGlobalSection
	GlobalSection(ExtensibilityGlobals) = postSolution
		SolutionGuid = {3F494C4E-01B3-467F-8858-572C580C6B3A}
	EndGlobalSection
EndGlobal
